
Microsoft Visual Studio Solution File, Format Version 12.00
# Visual Studio Version 16
VisualStudioVersion = 16.0.30907.101
MinimumVisualStudioVersion = 10.0.40219.1
Project("{8BC9CEB8-8B4A-11D0-8D11-00A0C91BC942}") = "tinyxml", "tinyxml\tinyxml_lib.vcxproj", "{02562186-C08F-4C6C-A8D7-49693DB3DA24}"
EndProject
Project("{8BC9CEB8-8B4A-11D0-8D11-00A0C91BC942}") = "tinyxmlSTL", "tinyxml\tinyxmlSTL.vcxproj", "{7D68B11C-48A0-47B1-BAF2-1199E1227270}"
EndProject
Project("{8BC9CEB8-8B4A-11D0-8D11-00A0C91BC942}") = "protocolgenxml", "protocolgenxml\protocolgenxml.vcxproj", "{B465FC55-9566-4FB8-9016-433C64D19F37}"
EndProject
Global
	GlobalSection(SolutionConfigurationPlatforms) = preSolution
		Debug|Win32 = Debug|Win32
		Debug|x64 = Debug|x64
		Release|Win32 = Release|Win32
		Release|x64 = Release|x64
	EndGlobalSection
	GlobalSection(ProjectConfigurationPlatforms) = postSolution
		{02562186-C08F-4C6C-A8D7-49693DB3DA24}.Debug|Win32.ActiveCfg = Debug|Win32
		{02562186-C08F-4C6C-A8D7-49693DB3DA24}.Debug|Win32.Build.0 = Debug|Win32
		{02562186-C08F-4C6C-A8D7-49693DB3DA24}.Debug|x64.ActiveCfg = Debug|x64
		{02562186-C08F-4C6C-A8D7-49693DB3DA24}.Debug|x64.Build.0 = Debug|x64
		{02562186-C08F-4C6C-A8D7-49693DB3DA24}.Release|Win32.ActiveCfg = Release|Win32
		{02562186-C08F-4C6C-A8D7-49693DB3DA24}.Release|Win32.Build.0 = Release|Win32
		{02562186-C08F-4C6C-A8D7-49693DB3DA24}.Release|x64.ActiveCfg = Release|x64
		{02562186-C08F-4C6C-A8D7-49693DB3DA24}.Release|x64.Build.0 = Release|x64
		{7D68B11C-48A0-47B1-BAF2-1199E1227270}.Debug|Win32.ActiveCfg = Debug|Win32
		{7D68B11C-48A0-47B1-BAF2-1199E1227270}.Debug|Win32.Build.0 = Debug|Win32
		{7D68B11C-48A0-47B1-BAF2-1199E1227270}.Debug|x64.ActiveCfg = Debug|x64
		{7D68B11C-48A0-47B1-BAF2-1199E1227270}.Debug|x64.Build.0 = Debug|x64
		{7D68B11C-48A0-47B1-BAF2-1199E1227270}.Release|Win32.ActiveCfg = Release|Win32
		{7D68B11C-48A0-47B1-BAF2-1199E1227270}.Release|Win32.Build.0 = Release|Win32
		{7D68B11C-48A0-47B1-BAF2-1199E1227270}.Release|x64.ActiveCfg = Release|x64
		{7D68B11C-48A0-47B1-BAF2-1199E1227270}.Release|x64.Build.0 = Release|x64
		{B465FC55-9566-4FB8-9016-433C64D19F37}.Debug|Win32.ActiveCfg = Debug|Win32
		{B465FC55-9566-4FB8-9016-433C64D19F37}.Debug|Win32.Build.0 = Debug|Win32
		{B465FC55-9566-4FB8-9016-433C64D19F37}.Debug|x64.ActiveCfg = Debug|x64
		{B465FC55-9566-4FB8-9016-433C64D19F37}.Debug|x64.Build.0 = Debug|x64
		{B465FC55-9566-4FB8-9016-433C64D19F37}.Release|Win32.ActiveCfg = Release|Win32
		{B465FC55-9566-4FB8-9016-433C64D19F37}.Release|Win32.Build.0 = Release|Win32
		{B465FC55-9566-4FB8-9016-433C64D19F37}.Release|x64.ActiveCfg = Release|x64
		{B465FC55-9566-4FB8-9016-433C64D19F37}.Release|x64.Build.0 = Release|x64
	EndGlobalSection
	GlobalSection(SolutionProperties) = preSolution
		HideSolutionNode = FALSE
	EndGlobalSection
	GlobalSection(ExtensibilityGlobals) = postSolution
		SolutionGuid = {B4E0435B-62F8-4C80-802D-B61ECF6065CD}
	EndGlobalSection
EndGlobal
